uuid: 10b7e8d9-165a-4313-8098-3b7e077c1518
langcode: en
status: true
dependencies:
  module:
    - block_content
    - entity_reference_revisions
    - paragraphs
id: block_content.field_additional_text_block
field_name: field_additional_text_block
entity_type: block_content
type: entity_reference_revisions
settings:
  target_type: paragraph
module: entity_reference_revisions
locked: false
cardinality: 10
translatable: true
indexes: {  }
persist_with_no_fields: false
custom_storage: false
